{
  "nodes": {
    "agenix": {
      "inputs": {
        "darwin": "darwin",
        "home-manager": "home-manager",
        "nixpkgs": "nixpkgs",
        "systems": "systems"
      },
      "locked": {
        "lastModified": 1716561646,
        "narHash": "sha256-UIGtLO89RxKt7RF2iEgPikSdU53r6v/6WYB0RW3k89I=",
        "owner": "ryantm",
        "repo": "agenix",
        "rev": "c2fc0762bbe8feb06a2e59a364fa81b3a57671c9",
        "type": "github"
      },
      "original": {
        "owner": "ryantm",
        "repo": "agenix",
        "type": "github"
      }
    },
    "darwin": {
      "inputs": {
        "nixpkgs": [
          "agenix",
          "nixpkgs"
        ]
      },
      "locked": {
        "lastModified": 1700795494,
        "narHash": "sha256-gzGLZSiOhf155FW7262kdHo2YDeugp3VuIFb4/GGng0=",
        "owner": "lnl7",
        "repo": "nix-darwin",
        "rev": "4b9b83d5a92e8c1fbfd8eb27eda375908c11ec4d",
        "type": "github"
      },
      "original": {
        "owner": "lnl7",
        "ref": "master",
        "repo": "nix-darwin",
        "type": "github"
      }
    },
    "disko": {
      "inputs": {
        "nixpkgs": [
          "nixpkgs-unstable"
        ]
      },
      "locked": {
        "lastModified": 1718008439,
        "narHash": "sha256-nlh/2uD5p2SAdkn6Zuey20yaR5FFWvhL3poapDGNE4Y=",
        "owner": "nix-community",
        "repo": "disko",
        "rev": "c1cfbfad7cb45f0c177b35b59ba67d1b5fc7ca82",
        "type": "github"
      },
      "original": {
        "owner": "nix-community",
        "repo": "disko",
        "type": "github"
      }
    },
    "firefox-addons": {
      "inputs": {
        "flake-utils": "flake-utils",
        "nixpkgs": [
          "nixpkgs-unstable"
        ]
      },
      "locked": {
        "dir": "pkgs/firefox-addons",
        "lastModified": 1718165009,
        "narHash": "sha256-/N2ZesXMM5Fw9mpQhSCCieGxM/9jysbQQBLYHiSQppI=",
        "owner": "rycee",
        "repo": "nur-expressions",
        "rev": "7e3ce9990c382947c33f0def2a1c33c420d8c710",
        "type": "gitlab"
      },
      "original": {
        "dir": "pkgs/firefox-addons",
        "owner": "rycee",
        "repo": "nur-expressions",
        "type": "gitlab"
      }
    },
    "flake-utils": {
      "locked": {
        "lastModified": 1629284811,
        "narHash": "sha256-JHgasjPR0/J1J3DRm4KxM4zTyAj4IOJY8vIl75v/kPI=",
        "owner": "numtide",
        "repo": "flake-utils",
        "rev": "c5d161cc0af116a2e17f54316f0bf43f0819785c",
        "type": "github"
      },
      "original": {
        "owner": "numtide",
        "repo": "flake-utils",
        "type": "github"
      }
    },
    "home-manager": {
      "inputs": {
        "nixpkgs": [
          "agenix",
          "nixpkgs"
        ]
      },
      "locked": {
        "lastModified": 1703113217,
        "narHash": "sha256-7ulcXOk63TIT2lVDSExj7XzFx09LpdSAPtvgtM7yQPE=",
        "owner": "nix-community",
        "repo": "home-manager",
        "rev": "3bfaacf46133c037bb356193bd2f1765d9dc82c1",
        "type": "github"
      },
      "original": {
        "owner": "nix-community",
        "repo": "home-manager",
        "type": "github"
      }
    },
    "home-manager_2": {
      "inputs": {
        "nixpkgs": [
          "nixpkgs-unstable"
        ]
      },
      "locked": {
        "lastModified": 1718141734,
        "narHash": "sha256-cA+6l8ZCZ7MXGijVuY/1f55+wF/RT4PlTR9+g4bx86w=",
        "owner": "nix-community",
        "repo": "home-manager",
        "rev": "892f76bd0aa09a0f7f73eb41834b8a904b6d0fad",
        "type": "github"
      },
      "original": {
        "owner": "nix-community",
        "repo": "home-manager",
        "type": "github"
      }
    },
    "nix-ld": {
      "inputs": {
        "nixpkgs": [
          "nixpkgs-unstable"
        ]
      },
      "locked": {
        "lastModified": 1701153607,
        "narHash": "sha256-h+odOVyiGmEERMECoFOj5P7FPiMR8IPRzroFA4sKivg=",
        "owner": "Mic92",
        "repo": "nix-ld",
        "rev": "bf5aa84a713c31d95b4307e442e966d6c7fd7ae7",
        "type": "github"
      },
      "original": {
        "owner": "Mic92",
        "repo": "nix-ld",
        "type": "github"
      }
    },
    "nixos-hardware": {
      "locked": {
        "lastModified": 1718207430,
        "narHash": "sha256-/eO2NTRvrrdYWMI06plS8ANDGOhTZBA+C3H3KwbBI1w=",
        "owner": "nixos",
        "repo": "nixos-hardware",
        "rev": "9e848e173ca83adf884815c66edc08652ef9ade8",
        "type": "github"
      },
      "original": {
        "owner": "nixos",
        "repo": "nixos-hardware",
        "type": "github"
      }
    },
    "nixpkgs": {
      "locked": {
        "lastModified": 1703013332,
        "narHash": "sha256-+tFNwMvlXLbJZXiMHqYq77z/RfmpfpiI3yjL6o/Zo9M=",
        "owner": "NixOS",
        "repo": "nixpkgs",
        "rev": "54aac082a4d9bb5bbc5c4e899603abfb76a3f6d6",
        "type": "github"
      },
      "original": {
        "owner": "NixOS",
        "ref": "nixos-unstable",
        "repo": "nixpkgs",
        "type": "github"
      }
    },
    "nixpkgs-unstable": {
      "locked": {
        "lastModified": 1718160348,
        "narHash": "sha256-9YrUjdztqi4Gz8n3mBuqvCkMo4ojrA6nASwyIKWMpus=",
        "owner": "nixos",
        "repo": "nixpkgs",
        "rev": "57d6973abba7ea108bac64ae7629e7431e0199b6",
        "type": "github"
      },
      "original": {
        "owner": "nixos",
        "ref": "nixos-unstable",
        "repo": "nixpkgs",
        "type": "github"
      }
    },
    "nixpkgs2405": {
      "locked": {
        "lastModified": 1718086528,
        "narHash": "sha256-hoB7B7oPgypePz16cKWawPfhVvMSXj4G/qLsfFuhFjw=",
        "owner": "nixos",
        "repo": "nixpkgs",
        "rev": "47b604b07d1e8146d5398b42d3306fdebd343986",
        "type": "github"
      },
      "original": {
        "owner": "nixos",
        "ref": "nixos-24.05",
        "repo": "nixpkgs",
        "type": "github"
      }
    },
    "root": {
      "inputs": {
        "agenix": "agenix",
        "disko": "disko",
        "firefox-addons": "firefox-addons",
        "home-manager": "home-manager_2",
        "nix-ld": "nix-ld",
        "nixos-hardware": "nixos-hardware",
        "nixpkgs-unstable": "nixpkgs-unstable",
        "nixpkgs2405": "nixpkgs2405"
      }
    },
    "systems": {
      "locked": {
        "lastModified": 1681028828,
        "narHash": "sha256-Vy1rq5AaRuLzOxct8nz4T6wlgyUR7zLU309k9mBC768=",
        "owner": "nix-systems",
        "repo": "default",
        "rev": "da67096a3b9bf56a91d16901293e51ba5b49a27e",
        "type": "github"
      },
      "original": {
        "owner": "nix-systems",
        "repo": "default",
        "type": "github"
      }
    }
  },
  "root": "root",
  "version": 7
}
